
Microsoft Visual Studio Solution File, Format Version 12.00
# Visual Studio Version 17
VisualStudioVersion = 17.7.34031.279
MinimumVisualStudioVersion = 10.0.40219.1
Project("{2150E333-8FDC-42A3-9474-1A3956D46DE8}") = "Catalog", "Catalog", "{8E2CA02C-153E-4A3A-B1E4-0464009A6A1F}"
EndProject
Project("{FAE04EC0-301F-11D3-BF4B-00C04F79EFBC}") = "DAL", "DAL\DAL.csproj", "{51688B32-4E6E-4352-B40C-EC5CB3744420}"
EndProject
Project("{9A19103F-16F7-4668-BE54-9A1E7A4F7556}") = "DAL.Tests", "DAL.Tests\DAL.Tests.csproj", "{877EBE3C-8BB3-48BE-8FF9-2090F9B66B28}"
	ProjectSection(ProjectDependencies) = postProject
		{51688B32-4E6E-4352-B40C-EC5CB3744420} = {51688B32-4E6E-4352-B40C-EC5CB3744420}
	EndProjectSection
EndProject
Global
	GlobalSection(SolutionConfigurationPlatforms) = preSolution
		Debug|Any CPU = Debug|Any CPU
		Release|Any CPU = Release|Any CPU
	EndGlobalSection
	GlobalSection(ProjectConfigurationPlatforms) = postSolution
		{51688B32-4E6E-4352-B40C-EC5CB3744420}.Debug|Any CPU.ActiveCfg = Debug|Any CPU
		{51688B32-4E6E-4352-B40C-EC5CB3744420}.Debug|Any CPU.Build.0 = Debug|Any CPU
		{51688B32-4E6E-4352-B40C-EC5CB3744420}.Release|Any CPU.ActiveCfg = Release|Any CPU
		{51688B32-4E6E-4352-B40C-EC5CB3744420}.Release|Any CPU.Build.0 = Release|Any CPU
		{877EBE3C-8BB3-48BE-8FF9-2090F9B66B28}.Debug|Any CPU.ActiveCfg = Debug|Any CPU
		{877EBE3C-8BB3-48BE-8FF9-2090F9B66B28}.Debug|Any CPU.Build.0 = Debug|Any CPU
		{877EBE3C-8BB3-48BE-8FF9-2090F9B66B28}.Release|Any CPU.ActiveCfg = Release|Any CPU
		{877EBE3C-8BB3-48BE-8FF9-2090F9B66B28}.Release|Any CPU.Build.0 = Release|Any CPU
	EndGlobalSection
	GlobalSection(SolutionProperties) = preSolution
		HideSolutionNode = FALSE
	EndGlobalSection
	GlobalSection(NestedProjects) = preSolution
		{51688B32-4E6E-4352-B40C-EC5CB3744420} = {8E2CA02C-153E-4A3A-B1E4-0464009A6A1F}
		{877EBE3C-8BB3-48BE-8FF9-2090F9B66B28} = {8E2CA02C-153E-4A3A-B1E4-0464009A6A1F}
	EndGlobalSection
	GlobalSection(ExtensibilityGlobals) = postSolution
		SolutionGuid = {1CC7807E-9CB3-4CFC-AFE4-168492261210}
	EndGlobalSection
EndGlobal
